github.com/ancientlore/go-avltree v1.0.3 h1:V5MzMHDgM5wn9Zttb+/gcRREetOSz/3WdMW6iOYNg1I=
github.com/ancientlore/go-avltree v1.0.3/go.mod h1:++CjrwcE5evH/2Vi8WqJlqNaNiNvj+jBG/Fa6MnZv/E=
github.com/caarlos0/env/v9 v9.0.0 h1:SI6JNsOA+y5gj9njpgybykATIylrRMklbs5ch6wO6pc=
github.com/caarlos0/env/v9 v9.0.0/go.mod h1:ye5mlCVMYh6tZ+vCgrs/B95sj88cg5Tlnc0XIzgZ020=
